// !$*UTF8*$!
{
	archiveVersion = 1;
	classes = {
	};
	objectVersion = 50;
	objects = {

/* Begin PBXBuildFile section */
		233041892746B4BA0068DEF5 /* MapKit.framework in Frameworks */ = {isa = PBXBuildFile; fileRef = 233041882746B4BA0068DEF5 /* MapKit.framework */; };
		23E46457271DBDA50046C3E6 /* AppDelegate.m in Sources */ = {isa = PBXBuildFile; fileRef = 23E46456271DBDA50046C3E6 /* AppDelegate.m */; };
		23E4645A271DBDA50046C3E6 /* SceneDelegate.m in Sources */ = {isa = PBXBuildFile; fileRef = 23E46459271DBDA50046C3E6 /* SceneDelegate.m */; };
		23E4645D271DBDA50046C3E6 /* ViewController.m in Sources */ = {isa = PBXBuildFile; fileRef = 23E4645C271DBDA50046C3E6 /* ViewController.m */; };
		23E46460271DBDA50046C3E6 /* Main.storyboard in Resources */ = {isa = PBXBuildFile; fileRef = 23E4645E271DBDA50046C3E6 /* Main.storyboard */; };
		23E46463271DBDA50046C3E6 /* NonTrivialAPI.xcdatamodeld in Sources */ = {isa = PBXBuildFile; fileRef = 23E46461271DBDA50046C3E6 /* NonTrivialAPI.xcdatamodeld */; };
		23E46465271DBDA60046C3E6 /* Assets.xcassets in Resources */ = {isa = PBXBuildFile; fileRef = 23E46464271DBDA60046C3E6 /* Assets.xcassets */; };
		23E46468271DBDA60046C3E6 /* LaunchScreen.storyboard in Resources */ = {isa = PBXBuildFile; fileRef = 23E46466271DBDA60046C3E6 /* LaunchScreen.storyboard */; };
		23E4646B271DBDA60046C3E6 /* main.m in Sources */ = {isa = PBXBuildFile; fileRef = 23E4646A271DBDA60046C3E6 /* main.m */; };
/* End PBXBuildFile section */

/* Begin PBXFileReference section */
		233041882746B4BA0068DEF5 /* MapKit.framework */ = {isa = PBXFileReference; lastKnownFileType = wrapper.framework; name = MapKit.framework; path = System/Library/Frameworks/MapKit.framework; sourceTree = SDKROOT; };
		23D67D63274BE023001BC36D /* Binghamton.gpx */ = {isa = PBXFileReference; lastKnownFileType = text.xml; path = Binghamton.gpx; sourceTree = "<group>"; };
		23E46452271DBDA50046C3E6 /* NonTrivialAPI.app */ = {isa = PBXFileReference; explicitFileType = wrapper.application; includeInIndex = 0; path = NonTrivialAPI.app; sourceTree = BUILT_PRODUCTS_DIR; };
		23E46455271DBDA50046C3E6 /* AppDelegate.h */ = {isa = PBXFileReference; lastKnownFileType = sourcecode.c.h; path = AppDelegate.h; sourceTree = "<group>"; };
		23E46456271DBDA50046C3E6 /* AppDelegate.m */ = {isa = PBXFileReference; lastKnownFileType = sourcecode.c.objc; path = AppDelegate.m; sourceTree = "<group>"; };
		23E46458271DBDA50046C3E6 /* SceneDelegate.h */ = {isa = PBXFileReference; lastKnownFileType = sourcecode.c.h; path = SceneDelegate.h; sourceTree = "<group>"; };
		23E46459271DBDA50046C3E6 /* SceneDelegate.m */ = {isa = PBXFileReference; lastKnownFileType = sourcecode.c.objc; path = SceneDelegate.m; sourceTree = "<group>"; };
		23E4645B271DBDA50046C3E6 /* ViewController.h */ = {isa = PBXFileReference; lastKnownFileType = sourcecode.c.h; path = ViewController.h; sourceTree = "<group>"; };
		23E4645C271DBDA50046C3E6 /* ViewController.m */ = {isa = PBXFileReference; lastKnownFileType = sourcecode.c.objc; path = ViewController.m; sourceTree = "<group>"; };
		23E4645F271DBDA50046C3E6 /* Base */ = {isa = PBXFileReference; lastKnownFileType = file.storyboard; name = Base; path = Base.lproj/Main.storyboard; sourceTree = "<group>"; };
		23E46462271DBDA50046C3E6 /* NonTrivialAPI.xcdatamodel */ = {isa = PBXFileReference; lastKnownFileType = wrapper.xcdatamodel; path = NonTrivialAPI.xcdatamodel; sourceTree = "<group>"; };
		23E46464271DBDA60046C3E6 /* Assets.xcassets */ = {isa = PBXFileReference; lastKnownFileType = folder.assetcatalog; path = Assets.xcassets; sourceTree = "<group>"; };
		23E46467271DBDA60046C3E6 /* Base */ = {isa = PBXFileReference; lastKnownFileType = file.storyboard; name = Base; path = Base.lproj/LaunchScreen.storyboard; sourceTree = "<group>"; };
		23E46469271DBDA60046C3E6 /* Info.plist */ = {isa = PBXFileReference; lastKnownFileType = text.plist.xml; path = Info.plist; sourceTree = "<group>"; };
		23E4646A271DBDA60046C3E6 /* main.m */ = {isa = PBXFileReference; lastKnownFileType = sourcecode.c.objc; path = main.m; sourceTree = "<group>"; };
/* End PBXFileReference section */

/* Begin PBXFrameworksBuildPhase section */
		23E4644F271DBDA50046C3E6 /* Frameworks */ = {
			isa = PBXFrameworksBuildPhase;
			buildActionMask = 2147483647;
			files = (
				233041892746B4BA0068DEF5 /* MapKit.framework in Frameworks */,
			);
			runOnlyForDeploymentPostprocessing = 0;
		};
/* End PBXFrameworksBuildPhase section */

/* Begin PBXGroup section */
		233041872746B4BA0068DEF5 /* Frameworks */ = {
			isa = PBXGroup;
			children = (
				233041882746B4BA0068DEF5 /* MapKit.framework */,
			);
			name = Frameworks;
			sourceTree = "<group>";
		};
		23E46449271DBDA50046C3E6 = {
			isa = PBXGroup;
			children = (
				23E46454271DBDA50046C3E6 /* NonTrivialAPI */,
				23E46453271DBDA50046C3E6 /* Products */,
				233041872746B4BA0068DEF5 /* Frameworks */,
			);
			sourceTree = "<group>";
		};
		23E46453271DBDA50046C3E6 /* Products */ = {
			isa = PBXGroup;
			children = (
				23E46452271DBDA50046C3E6 /* NonTrivialAPI.app */,
			);
			name = Products;
			sourceTree = "<group>";
		};
		23E46454271DBDA50046C3E6 /* NonTrivialAPI */ = {
			isa = PBXGroup;
			children = (
				23E46455271DBDA50046C3E6 /* AppDelegate.h */,
				23E46456271DBDA50046C3E6 /* AppDelegate.m */,
				23E46458271DBDA50046C3E6 /* SceneDelegate.h */,
				23E46459271DBDA50046C3E6 /* SceneDelegate.m */,
				23E4645B271DBDA50046C3E6 /* ViewController.h */,
				23E4645C271DBDA50046C3E6 /* ViewController.m */,
				23D67D63274BE023001BC36D /* Binghamton.gpx */,
				23E4645E271DBDA50046C3E6 /* Main.storyboard */,
				23E46464271DBDA60046C3E6 /* Assets.xcassets */,
				23E46466271DBDA60046C3E6 /* LaunchScreen.storyboard */,
				23E46469271DBDA60046C3E6 /* Info.plist */,
				23E4646A271DBDA60046C3E6 /* main.m */,
				23E46461271DBDA50046C3E6 /* NonTrivialAPI.xcdatamodeld */,
			);
			path = NonTrivialAPI;
			sourceTree = "<group>";
		};
/* End PBXGroup section */

/* Begin PBXNativeTarget section */
		23E46451271DBDA50046C3E6 /* NonTrivialAPI */ = {
			isa = PBXNativeTarget;
			buildConfigurationList = 23E4646E271DBDA60046C3E6 /* Build configuration list for PBXNativeTarget "NonTrivialAPI" */;
			buildPhases = (
				23E4644E271DBDA50046C3E6 /* Sources */,
				23E4644F271DBDA50046C3E6 /* Frameworks */,
				23E46450271DBDA50046C3E6 /* Resources */,
			);
			buildRules = (
			);
			dependencies = (
			);
			name = NonTrivialAPI;
			productName = NonTrivialAPI;
			productReference = 23E46452271DBDA50046C3E6 /* NonTrivialAPI.app */;
			productType = "com.apple.product-type.application";
		};
/* End PBXNativeTarget section */

/* Begin PBXProject section */
		23E4644A271DBDA50046C3E6 /* Project object */ = {
			isa = PBXProject;
			attributes = {
				LastUpgradeCheck = 1250;
				TargetAttributes = {
					23E46451271DBDA50046C3E6 = {
						CreatedOnToolsVersion = 12.5.1;
					};
				};
			};
			buildConfigurationList = 23E4644D271DBDA50046C3E6 /* Build configuration list for PBXProject "NonTrivialAPI" */;
			compatibilityVersion = "Xcode 9.3";
			developmentRegion = en;
			hasScannedForEncodings = 0;
			knownRegions = (
				en,
				Base,
			);
			mainGroup = 23E46449271DBDA50046C3E6;
			productRefGroup = 23E46453271DBDA50046C3E6 /* Products */;
			projectDirPath = "";
			projectRoot = "";
			targets = (
				23E46451271DBDA50046C3E6 /* NonTrivialAPI */,
			);
		};
/* End PBXProject section */

/* Begin PBXResourcesBuildPhase section */
		23E46450271DBDA50046C3E6 /* Resources */ = {
			isa = PBXResourcesBuildPhase;
			buildActionMask = 2147483647;
			files = (
				23E46468271DBDA60046C3E6 /* LaunchScreen.storyboard in Resources */,
				23E46465271DBDA60046C3E6 /* Assets.xcassets in Resources */,
				23E46460271DBDA50046C3E6 /* Main.storyboard in Resources */,
			);
			runOnlyForDeploymentPostprocessing = 0;
		};
/* End PBXResourcesBuildPhase section */

/* Begin PBXSourcesBuildPhase section */
		23E4644E271DBDA50046C3E6 /* Sources */ = {
			isa = PBXSourcesBuildPhase;
			buildActionMask = 2147483647;
			files = (
				23E4646B271DBDA60046C3E6 /* main.m in Sources */,
				23E4645D271DBDA50046C3E6 /* ViewController.m in Sources */,
				23E46457271DBDA50046C3E6 /* AppDelegate.m in Sources */,
				23E46463271DBDA50046C3E6 /* NonTrivialAPI.xcdatamodeld in Sources */,
				23E4645A271DBDA50046C3E6 /* SceneDelegate.m in Sources */,
			);
			runOnlyForDeploymentPostprocessing = 0;
		};
/* End PBXSourcesBuildPhase section */

/* Begin PBXVariantGroup section */
		23E4645E271DBDA50046C3E6 /* Main.storyboard */ = {
			isa = PBXVariantGroup;
			children = (
				23E4645F271DBDA50046C3E6 /* Base */,
			);
			name = Main.storyboard;
			sourceTree = "<group>";
		};
		23E46466271DBDA60046C3E6 /* LaunchScreen.storyboard */ = {
			isa = PBXVariantGroup;
			children = (
				23E46467271DBDA60046C3E6 /* Base */,
			);
			name = LaunchScreen.storyboard;
			sourceTree = "<group>";
		};
/* End PBXVariantGroup section */

/* Begin XCBuildConfiguration section */
		23E4646C271DBDA60046C3E6 /* Debug */ = {
			isa = XCBuildConfiguration;
			buildSettings = {
				ALWAYS_SEARCH_USER_PATHS = NO;
				CLANG_ANALYZER_NONNULL = YES;
				CLANG_ANALYZER_NUMBER_OBJECT_CONVERSION = YES_AGGRESSIVE;
				CLANG_CXX_LANGUAGE_STANDARD = "gnu++14";
				CLANG_CXX_LIBRARY = "libc++";
				CLANG_ENABLE_MODULES = YES;
				CLANG_ENABLE_OBJC_ARC = YES;
				CLANG_ENABLE_OBJC_WEAK = YES;
				CLANG_WARN_BLOCK_CAPTURE_AUTORELEASING = YES;
				CLANG_WARN_BOOL_CONVERSION = YES;
				CLANG_WARN_COMMA = YES;
				CLANG_WARN_CONSTANT_CONVERSION = YES;
				CLANG_WARN_DEPRECATED_OBJC_IMPLEMENTATIONS = YES;
				CLANG_WARN_DIRECT_OBJC_ISA_USAGE = YES_ERROR;
				CLANG_WARN_DOCUMENTATION_COMMENTS = YES;
				CLANG_WARN_EMPTY_BODY = YES;
				CLANG_WARN_ENUM_CONVERSION = YES;
				CLANG_WARN_INFINITE_RECURSION = YES;
				CLANG_WARN_INT_CONVERSION = YES;
				CLANG_WARN_NON_LITERAL_NULL_CONVERSION = YES;
				CLANG_WARN_OBJC_IMPLICIT_RETAIN_SELF = YES;
				CLANG_WARN_OBJC_LITERAL_CONVERSION = YES;
				CLANG_WARN_OBJC_ROOT_CLASS = YES_ERROR;
				CLANG_WARN_QUOTED_INCLUDE_IN_FRAMEWORK_HEADER = YES;
				CLANG_WARN_RANGE_LOOP_ANALYSIS = YES;
				CLANG_WARN_STRICT_PROTOTYPES = YES;
				CLANG_WARN_SUSPICIOUS_MOVE = YES;
				CLANG_WARN_UNGUARDED_AVAILABILITY = YES_AGGRESSIVE;
				CLANG_WARN_UNREACHABLE_CODE = YES;
				CLANG_WARN__DUPLICATE_METHOD_MATCH = YES;
				COPY_PHASE_STRIP = NO;
				DEBUG_INFORMATION_FORMAT = dwarf;
				ENABLE_STRICT_OBJC_MSGSEND = YES;
				ENABLE_TESTABILITY = YES;
				GCC_C_LANGUAGE_STANDARD = gnu11;
				GCC_DYNAMIC_NO_PIC = NO;
				GCC_NO_COMMON_BLOCKS = YES;
				GCC_OPTIMIZATION_LEVEL = 0;
				GCC_PREPROCESSOR_DEFINITIONS = (
					"DEBUG=1",
					"$(inherited)",
				);
				GCC_WARN_64_TO_32_BIT_CONVERSION = YES;
				GCC_WARN_ABOUT_RETURN_TYPE = YES_ERROR;
				GCC_WARN_UNDECLARED_SELECTOR = YES;
				GCC_WARN_UNINITIALIZED_AUTOS = YES_AGGRESSIVE;
				GCC_WARN_UNUSED_FUNCTION = YES;
				GCC_WARN_UNUSED_VARIABLE = YES;
				IPHONEOS_DEPLOYMENT_TARGET = 14.5;
				MTL_ENABLE_DEBUG_INFO = INCLUDE_SOURCE;
				MTL_FAST_MATH = YES;
				ONLY_ACTIVE_ARCH = YES;
				SDKROOT = iphoneos;
			};
			name = Debug;
		};
		23E4646D271DBDA60046C3E6 /* Release */ = {
			isa = XCBuildConfiguration;
			buildSettings = {
				ALWAYS_SEARCH_USER_PATHS = NO;
				CLANG_ANALYZER_NONNULL = YES;
				CLANG_ANALYZER_NUMBER_OBJECT_CONVERSION = YES_AGGRESSIVE;
				CLANG_CXX_LANGUAGE_STANDARD = "gnu++14";
				CLANG_CXX_LIBRARY = "libc++";
				CLANG_ENABLE_MODULES = YES;
				CLANG_ENABLE_OBJC_ARC = YES;
				CLANG_ENABLE_OBJC_WEAK = YES;
				CLANG_WARN_BLOCK_CAPTURE_AUTORELEASING = YES;
				CLANG_WARN_BOOL_CONVERSION = YES;
				CLANG_WARN_COMMA = YES;
				CLANG_WARN_CONSTANT_CONVERSION = YES;
				CLANG_WARN_DEPRECATED_OBJC_IMPLEMENTATIONS = YES;
				CLANG_WARN_DIRECT_OBJC_ISA_USAGE = YES_ERROR;
				CLANG_WARN_DOCUMENTATION_COMMENTS = YES;
				CLANG_WARN_EMPTY_BODY = YES;
				CLANG_WARN_ENUM_CONVERSION = YES;
				CLANG_WARN_INFINITE_RECURSION = YES;
				CLANG_WARN_INT_CONVERSION = YES;
				CLANG_WARN_NON_LITERAL_NULL_CONVERSION = YES;
				CLANG_WARN_OBJC_IMPLICIT_RETAIN_SELF = YES;
				CLANG_WARN_OBJC_LITERAL_CONVERSION = YES;
				CLANG_WARN_OBJC_ROOT_CLASS = YES_ERROR;
				CLANG_WARN_QUOTED_INCLUDE_IN_FRAMEWORK_HEADER = YES;
				CLANG_WARN_RANGE_LOOP_ANALYSIS = YES;
				CLANG_WARN_STRICT_PROTOTYPES = YES;
				CLANG_WARN_SUSPICIOUS_MOVE = YES;
				CLANG_WARN_UNGUARDED_AVAILABILITY = YES_AGGRESSIVE;
				CLANG_WARN_UNREACHABLE_CODE = YES;
				CLANG_WARN__DUPLICATE_METHOD_MATCH = YES;
				COPY_PHASE_STRIP = NO;
				DEBUG_INFORMATION_FORMAT = "dwarf-with-dsym";
				ENABLE_NS_ASSERTIONS = NO;
				ENABLE_STRICT_OBJC_MSGSEND = YES;
				GCC_C_LANGUAGE_STANDARD = gnu11;
				GCC_NO_COMMON_BLOCKS = YES;
				GCC_WARN_64_TO_32_BIT_CONVERSION = YES;
				GCC_WARN_ABOUT_RETURN_TYPE = YES_ERROR;
				GCC_WARN_UNDECLARED_SELECTOR = YES;
				GCC_WARN_UNINITIALIZED_AUTOS = YES_AGGRESSIVE;
				GCC_WARN_UNUSED_FUNCTION = YES;
				GCC_WARN_UNUSED_VARIABLE = YES;
				IPHONEOS_DEPLOYMENT_TARGET = 14.5;
				MTL_ENABLE_DEBUG_INFO = NO;
				MTL_FAST_MATH = YES;
				SDKROOT = iphoneos;
				VALIDATE_PRODUCT = YES;
			};
			name = Release;
		};
		23E4646F271DBDA60046C3E6 /* Debug */ = {
			isa = XCBuildConfiguration;
			buildSettings = {
				ASSETCATALOG_COMPILER_APPICON_NAME = AppIcon;
				ASSETCATALOG_COMPILER_GLOBAL_ACCENT_COLOR_NAME = AccentColor;
				CODE_SIGN_STYLE = Automatic;
				DEVELOPMENT_TEAM = 885LFZ46VC;
				INFOPLIST_FILE = NonTrivialAPI/Info.plist;
				LD_RUNPATH_SEARCH_PATHS = (
					"$(inherited)",
					"@executable_path/Frameworks",
				);
				PRODUCT_BUNDLE_IDENTIFIER = "Binghamton-University.NonTrivialAPI";
				PRODUCT_NAME = "$(TARGET_NAME)";
				TARGETED_DEVICE_FAMILY = "1,2";
			};
			name = Debug;
		};
		23E46470271DBDA60046C3E6 /* Release */ = {
			isa = XCBuildConfiguration;
			buildSettings = {
				ASSETCATALOG_COMPILER_APPICON_NAME = AppIcon;
				ASSETCATALOG_COMPILER_GLOBAL_ACCENT_COLOR_NAME = AccentColor;
				CODE_SIGN_STYLE = Automatic;
				DEVELOPMENT_TEAM = 885LFZ46VC;
				INFOPLIST_FILE = NonTrivialAPI/Info.plist;
				LD_RUNPATH_SEARCH_PATHS = (
					"$(inherited)",
					"@executable_path/Frameworks",
				);
				PRODUCT_BUNDLE_IDENTIFIER = "Binghamton-University.NonTrivialAPI";
				PRODUCT_NAME = "$(TARGET_NAME)";
				TARGETED_DEVICE_FAMILY = "1,2";
			};
			name = Release;
		};
/* End XCBuildConfiguration section */

/* Begin XCConfigurationList section */
		23E4644D271DBDA50046C3E6 /* Build configuration list for PBXProject "NonTrivialAPI" */ = {
			isa = XCConfigurationList;
			buildConfigurations = (
				23E4646C271DBDA60046C3E6 /* Debug */,
				23E4646D271DBDA60046C3E6 /* Release */,
			);
			defaultConfigurationIsVisible = 0;
			defaultConfigurationName = Release;
		};
		23E4646E271DBDA60046C3E6 /* Build configuration list for PBXNativeTarget "NonTrivialAPI" */ = {
			isa = XCConfigurationList;
			buildConfigurations = (
				23E4646F271DBDA60046C3E6 /* Debug */,
				23E46470271DBDA60046C3E6 /* Release */,
			);
			defaultConfigurationIsVisible = 0;
			defaultConfigurationName = Release;
		};
/* End XCConfigurationList section */

/* Begin XCVersionGroup section */
		23E46461271DBDA50046C3E6 /* NonTrivialAPI.xcdatamodeld */ = {
			isa = XCVersionGroup;
			children = (
				23E46462271DBDA50046C3E6 /* NonTrivialAPI.xcdatamodel */,
			);
			currentVersion = 23E46462271DBDA50046C3E6 /* NonTrivialAPI.xcdatamodel */;
			path = NonTrivialAPI.xcdatamodeld;
			sourceTree = "<group>";
			versionGroupType = wrapper.xcdatamodel;
		};
/* End XCVersionGroup section */
	};
	rootObject = 23E4644A271DBDA50046C3E6 /* Project object */;
}
